// !$*UTF8*$!
{
	archiveVersion = 1;
	classes = {
	};
	objectVersion = 50;
	objects = {

/* Begin PBXBuildFile section */
		6037922C4BD4A998CF079ED9 /* WebServiceConfiguration.swift in Sources */ = {isa = PBXBuildFile; fileRef = 60379A436F01581B9FEDC684 /* WebServiceConfiguration.swift */; };
		60379263DA9AA17A692FEE26 /* FavouriteLocationViewDelegate.swift in Sources */ = {isa = PBXBuildFile; fileRef = 6037949CC805625AA2ECED1A /* FavouriteLocationViewDelegate.swift */; };
		60379338B8B6EDB6CFC14046 /* CoreDataTestStack.swift in Sources */ = {isa = PBXBuildFile; fileRef = 60379EFA945577703AB3B073 /* CoreDataTestStack.swift */; };
		603793CE4B9851E7BD6EBCBF /* CityTests.swift in Sources */ = {isa = PBXBuildFile; fileRef = 603793A52F9B36EABCBDE08B /* CityTests.swift */; };
		6037941A73BC7A2BB5EA0E1D /* FavouriteLocationViewController.swift in Sources */ = {isa = PBXBuildFile; fileRef = 6037978D4B9E88AA4755767D /* FavouriteLocationViewController.swift */; };
		60379487030B0414F686E603 /* WebServiceErrors.swift in Sources */ = {isa = PBXBuildFile; fileRef = 603799BD7C9B96CF8A884AE9 /* WebServiceErrors.swift */; };
		6037948CECB5B36D6F9EB595 /* URLSessionMock.swift in Sources */ = {isa = PBXBuildFile; fileRef = 603793DBACF3B0736058F5D2 /* URLSessionMock.swift */; };
		603795F3C8ABAA25706D9DE0 /* FileHelper.swift in Sources */ = {isa = PBXBuildFile; fileRef = 6037953F6A24A84DC9802642 /* FileHelper.swift */; };
		60379687D6613684862FEBBC /* Constants.swift in Sources */ = {isa = PBXBuildFile; fileRef = 6037913764042762804BD1D7 /* Constants.swift */; };
		603796C33B742E5A4182E7D1 /* FavouriteLocationViewDelegateSpy.swift in Sources */ = {isa = PBXBuildFile; fileRef = 6037921653697C11A7696F25 /* FavouriteLocationViewDelegateSpy.swift */; };
		60379753432DABB01B486CE2 /* NSManagedObject.swift in Sources */ = {isa = PBXBuildFile; fileRef = 60379FEB88082BE45FA642C7 /* NSManagedObject.swift */; };
		603797931F6659CF8700C1E5 /* FavouriteLocationPresenter.swift in Sources */ = {isa = PBXBuildFile; fileRef = 603792EE5223DA16EEBE242C /* FavouriteLocationPresenter.swift */; };
		603797AFC6681A1C323E6048 /* CoreDataStack.swift in Sources */ = {isa = PBXBuildFile; fileRef = 6037930C62684586C325F254 /* CoreDataStack.swift */; };
		603798911F319E428B98D95C /* Colors.swift in Sources */ = {isa = PBXBuildFile; fileRef = 603790270D457D9B546C73D5 /* Colors.swift */; };
		603799F54C5849D010804C1D /* CityListDecoder.swift in Sources */ = {isa = PBXBuildFile; fileRef = 6037995A8BFBE7404A51AD0F /* CityListDecoder.swift */; };
		60379BEAB9F4A06EE72B1DB0 /* NetworkManager.swift in Sources */ = {isa = PBXBuildFile; fileRef = 6037993CCA8F7BFBDA72AB2A /* NetworkManager.swift */; };
		60379C976007C94B1FECAA29 /* WebServiceConfigurationTests.swift in Sources */ = {isa = PBXBuildFile; fileRef = 6037981E27866A998D99EA03 /* WebServiceConfigurationTests.swift */; };
		60379D7A7A1E9003EA7FDF9B /* FavouriteLocationPresenterTests.swift in Sources */ = {isa = PBXBuildFile; fileRef = 60379D3E87DD0DF84588B185 /* FavouriteLocationPresenterTests.swift */; };
		8DCEF97424DF024400F2065D /* citylist.json in Resources */ = {isa = PBXBuildFile; fileRef = 8DCEF97324DF024400F2065D /* citylist.json */; };
		8DCEF9AF24DF0EFE00F2065D /* Coordinates+CoreDataClass.swift in Sources */ = {isa = PBXBuildFile; fileRef = 8DCEF9A724DF0EFE00F2065D /* Coordinates+CoreDataClass.swift */; };
		8DCEF9B024DF0EFE00F2065D /* Coordinates+CoreDataProperties.swift in Sources */ = {isa = PBXBuildFile; fileRef = 8DCEF9A824DF0EFE00F2065D /* Coordinates+CoreDataProperties.swift */; };
		8DCEF9B124DF0EFE00F2065D /* City+CoreDataClass.swift in Sources */ = {isa = PBXBuildFile; fileRef = 8DCEF9A924DF0EFE00F2065D /* City+CoreDataClass.swift */; };
		8DCEF9B224DF0EFE00F2065D /* City+CoreDataProperties.swift in Sources */ = {isa = PBXBuildFile; fileRef = 8DCEF9AA24DF0EFE00F2065D /* City+CoreDataProperties.swift */; };
		8DCEF9B324DF0EFE00F2065D /* FavouriteCities+CoreDataClass.swift in Sources */ = {isa = PBXBuildFile; fileRef = 8DCEF9AB24DF0EFE00F2065D /* FavouriteCities+CoreDataClass.swift */; };
		8DCEF9B424DF0EFE00F2065D /* FavouriteCities+CoreDataProperties.swift in Sources */ = {isa = PBXBuildFile; fileRef = 8DCEF9AC24DF0EFE00F2065D /* FavouriteCities+CoreDataProperties.swift */; };
		8DCEF9B524DF0EFE00F2065D /* AbstractCity+CoreDataClass.swift in Sources */ = {isa = PBXBuildFile; fileRef = 8DCEF9AD24DF0EFE00F2065D /* AbstractCity+CoreDataClass.swift */; };
		8DCEF9B624DF0EFE00F2065D /* AbstractCity+CoreDataProperties.swift in Sources */ = {isa = PBXBuildFile; fileRef = 8DCEF9AE24DF0EFE00F2065D /* AbstractCity+CoreDataProperties.swift */; };
		8DE4BF1124DC623F001CD608 /* AppDelegate.swift in Sources */ = {isa = PBXBuildFile; fileRef = 8DE4BF1024DC623F001CD608 /* AppDelegate.swift */; };
		8DE4BF1324DC623F001CD608 /* SceneDelegate.swift in Sources */ = {isa = PBXBuildFile; fileRef = 8DE4BF1224DC623F001CD608 /* SceneDelegate.swift */; };
		8DE4BF1524DC623F001CD608 /* ViewController.swift in Sources */ = {isa = PBXBuildFile; fileRef = 8DE4BF1424DC623F001CD608 /* ViewController.swift */; };
		8DE4BF1824DC623F001CD608 /* Main.storyboard in Resources */ = {isa = PBXBuildFile; fileRef = 8DE4BF1624DC623F001CD608 /* Main.storyboard */; };
		8DE4BF1B24DC623F001CD608 /* WindConditionsApp.xcdatamodeld in Sources */ = {isa = PBXBuildFile; fileRef = 8DE4BF1924DC623F001CD608 /* WindConditionsApp.xcdatamodeld */; };
		8DE4BF1D24DC6242001CD608 /* Assets.xcassets in Resources */ = {isa = PBXBuildFile; fileRef = 8DE4BF1C24DC6242001CD608 /* Assets.xcassets */; };
		8DE4BF2024DC6242001CD608 /* LaunchScreen.storyboard in Resources */ = {isa = PBXBuildFile; fileRef = 8DE4BF1E24DC6242001CD608 /* LaunchScreen.storyboard */; };
		8DE4BF2B24DC6242001CD608 /* WindConditionsAppTests.swift in Sources */ = {isa = PBXBuildFile; fileRef = 8DE4BF2A24DC6242001CD608 /* WindConditionsAppTests.swift */; };
/* End PBXBuildFile section */

/* Begin PBXContainerItemProxy section */
		8DE4BF2724DC6242001CD608 /* PBXContainerItemProxy */ = {
			isa = PBXContainerItemProxy;
			containerPortal = 8DE4BF0524DC623F001CD608 /* Project object */;
			proxyType = 1;
			remoteGlobalIDString = 8DE4BF0C24DC623F001CD608;
			remoteInfo = WindConditionsApp;
		};
/* End PBXContainerItemProxy section */

/* Begin PBXFileReference section */
		603790270D457D9B546C73D5 /* Colors.swift */ = {isa = PBXFileReference; fileEncoding = 4; lastKnownFileType = sourcecode.swift; path = Colors.swift; sourceTree = "<group>"; };
		6037913764042762804BD1D7 /* Constants.swift */ = {isa = PBXFileReference; fileEncoding = 4; lastKnownFileType = sourcecode.swift; path = Constants.swift; sourceTree = "<group>"; };
		6037921653697C11A7696F25 /* FavouriteLocationViewDelegateSpy.swift */ = {isa = PBXFileReference; fileEncoding = 4; lastKnownFileType = sourcecode.swift; path = FavouriteLocationViewDelegateSpy.swift; sourceTree = "<group>"; };
		603792EE5223DA16EEBE242C /* FavouriteLocationPresenter.swift */ = {isa = PBXFileReference; fileEncoding = 4; lastKnownFileType = sourcecode.swift; path = FavouriteLocationPresenter.swift; sourceTree = "<group>"; };
		6037930C62684586C325F254 /* CoreDataStack.swift */ = {isa = PBXFileReference; fileEncoding = 4; lastKnownFileType = sourcecode.swift; path = CoreDataStack.swift; sourceTree = "<group>"; };
		603793A52F9B36EABCBDE08B /* CityTests.swift */ = {isa = PBXFileReference; fileEncoding = 4; lastKnownFileType = sourcecode.swift; path = CityTests.swift; sourceTree = "<group>"; };
		603793DBACF3B0736058F5D2 /* URLSessionMock.swift */ = {isa = PBXFileReference; fileEncoding = 4; lastKnownFileType = sourcecode.swift; path = URLSessionMock.swift; sourceTree = "<group>"; };
		6037949CC805625AA2ECED1A /* FavouriteLocationViewDelegate.swift */ = {isa = PBXFileReference; fileEncoding = 4; lastKnownFileType = sourcecode.swift; path = FavouriteLocationViewDelegate.swift; sourceTree = "<group>"; };
		6037953F6A24A84DC9802642 /* FileHelper.swift */ = {isa = PBXFileReference; fileEncoding = 4; lastKnownFileType = sourcecode.swift; path = FileHelper.swift; sourceTree = "<group>"; };
		6037978D4B9E88AA4755767D /* FavouriteLocationViewController.swift */ = {isa = PBXFileReference; fileEncoding = 4; lastKnownFileType = sourcecode.swift; path = FavouriteLocationViewController.swift; sourceTree = "<group>"; };
		6037981E27866A998D99EA03 /* WebServiceConfigurationTests.swift */ = {isa = PBXFileReference; fileEncoding = 4; lastKnownFileType = sourcecode.swift; path = WebServiceConfigurationTests.swift; sourceTree = "<group>"; };
		6037993CCA8F7BFBDA72AB2A /* NetworkManager.swift */ = {isa = PBXFileReference; fileEncoding = 4; lastKnownFileType = sourcecode.swift; path = NetworkManager.swift; sourceTree = "<group>"; };
		6037995A8BFBE7404A51AD0F /* CityListDecoder.swift */ = {isa = PBXFileReference; fileEncoding = 4; lastKnownFileType = sourcecode.swift; path = CityListDecoder.swift; sourceTree = "<group>"; };
		603799BD7C9B96CF8A884AE9 /* WebServiceErrors.swift */ = {isa = PBXFileReference; fileEncoding = 4; lastKnownFileType = sourcecode.swift; path = WebServiceErrors.swift; sourceTree = "<group>"; };
		60379A436F01581B9FEDC684 /* WebServiceConfiguration.swift */ = {isa = PBXFileReference; fileEncoding = 4; lastKnownFileType = sourcecode.swift; path = WebServiceConfiguration.swift; sourceTree = "<group>"; };
		60379D3E87DD0DF84588B185 /* FavouriteLocationPresenterTests.swift */ = {isa = PBXFileReference; fileEncoding = 4; lastKnownFileType = sourcecode.swift; path = FavouriteLocationPresenterTests.swift; sourceTree = "<group>"; };
		60379EFA945577703AB3B073 /* CoreDataTestStack.swift */ = {isa = PBXFileReference; fileEncoding = 4; lastKnownFileType = sourcecode.swift; path = CoreDataTestStack.swift; sourceTree = "<group>"; };
		60379FEB88082BE45FA642C7 /* NSManagedObject.swift */ = {isa = PBXFileReference; fileEncoding = 4; lastKnownFileType = sourcecode.swift; path = NSManagedObject.swift; sourceTree = "<group>"; };
		8DCEF97324DF024400F2065D /* citylist.json */ = {isa = PBXFileReference; fileEncoding = 4; lastKnownFileType = text.json; path = citylist.json; sourceTree = "<group>"; };
		8DCEF9A724DF0EFE00F2065D /* Coordinates+CoreDataClass.swift */ = {isa = PBXFileReference; lastKnownFileType = sourcecode.swift; path = "Coordinates+CoreDataClass.swift"; sourceTree = "<group>"; };
		8DCEF9A824DF0EFE00F2065D /* Coordinates+CoreDataProperties.swift */ = {isa = PBXFileReference; lastKnownFileType = sourcecode.swift; path = "Coordinates+CoreDataProperties.swift"; sourceTree = "<group>"; };
		8DCEF9A924DF0EFE00F2065D /* City+CoreDataClass.swift */ = {isa = PBXFileReference; lastKnownFileType = sourcecode.swift; path = "City+CoreDataClass.swift"; sourceTree = "<group>"; };
		8DCEF9AA24DF0EFE00F2065D /* City+CoreDataProperties.swift */ = {isa = PBXFileReference; lastKnownFileType = sourcecode.swift; path = "City+CoreDataProperties.swift"; sourceTree = "<group>"; };
		8DCEF9AB24DF0EFE00F2065D /* FavouriteCities+CoreDataClass.swift */ = {isa = PBXFileReference; lastKnownFileType = sourcecode.swift; path = "FavouriteCities+CoreDataClass.swift"; sourceTree = "<group>"; };
		8DCEF9AC24DF0EFE00F2065D /* FavouriteCities+CoreDataProperties.swift */ = {isa = PBXFileReference; lastKnownFileType = sourcecode.swift; path = "FavouriteCities+CoreDataProperties.swift"; sourceTree = "<group>"; };
		8DCEF9AD24DF0EFE00F2065D /* AbstractCity+CoreDataClass.swift */ = {isa = PBXFileReference; lastKnownFileType = sourcecode.swift; path = "AbstractCity+CoreDataClass.swift"; sourceTree = "<group>"; };
		8DCEF9AE24DF0EFE00F2065D /* AbstractCity+CoreDataProperties.swift */ = {isa = PBXFileReference; lastKnownFileType = sourcecode.swift; path = "AbstractCity+CoreDataProperties.swift"; sourceTree = "<group>"; };
		8DE4BF0D24DC623F001CD608 /* WindConditionsApp.app */ = {isa = PBXFileReference; explicitFileType = wrapper.application; includeInIndex = 0; path = WindConditionsApp.app; sourceTree = BUILT_PRODUCTS_DIR; };
		8DE4BF1024DC623F001CD608 /* AppDelegate.swift */ = {isa = PBXFileReference; lastKnownFileType = sourcecode.swift; path = AppDelegate.swift; sourceTree = "<group>"; };
		8DE4BF1224DC623F001CD608 /* SceneDelegate.swift */ = {isa = PBXFileReference; lastKnownFileType = sourcecode.swift; path = SceneDelegate.swift; sourceTree = "<group>"; };
		8DE4BF1424DC623F001CD608 /* ViewController.swift */ = {isa = PBXFileReference; lastKnownFileType = sourcecode.swift; path = ViewController.swift; sourceTree = "<group>"; };
		8DE4BF1724DC623F001CD608 /* Base */ = {isa = PBXFileReference; lastKnownFileType = file.storyboard; name = Base; path = Base.lproj/Main.storyboard; sourceTree = "<group>"; };
		8DE4BF1A24DC623F001CD608 /* WindConditionsApp.xcdatamodel */ = {isa = PBXFileReference; lastKnownFileType = wrapper.xcdatamodel; path = WindConditionsApp.xcdatamodel; sourceTree = "<group>"; };
		8DE4BF1C24DC6242001CD608 /* Assets.xcassets */ = {isa = PBXFileReference; lastKnownFileType = folder.assetcatalog; path = Assets.xcassets; sourceTree = "<group>"; };
		8DE4BF1F24DC6242001CD608 /* Base */ = {isa = PBXFileReference; lastKnownFileType = file.storyboard; name = Base; path = Base.lproj/LaunchScreen.storyboard; sourceTree = "<group>"; };
		8DE4BF2124DC6242001CD608 /* Info.plist */ = {isa = PBXFileReference; lastKnownFileType = text.plist.xml; path = Info.plist; sourceTree = "<group>"; };
		8DE4BF2624DC6242001CD608 /* WindConditionsAppTests.xctest */ = {isa = PBXFileReference; explicitFileType = wrapper.cfbundle; includeInIndex = 0; path = WindConditionsAppTests.xctest; sourceTree = BUILT_PRODUCTS_DIR; };
		8DE4BF2A24DC6242001CD608 /* WindConditionsAppTests.swift */ = {isa = PBXFileReference; lastKnownFileType = sourcecode.swift; path = WindConditionsAppTests.swift; sourceTree = "<group>"; };
		8DE4BF2C24DC6242001CD608 /* Info.plist */ = {isa = PBXFileReference; lastKnownFileType = text.plist.xml; path = Info.plist; sourceTree = "<group>"; };
/* End PBXFileReference section */

/* Begin PBXFrameworksBuildPhase section */
		8DE4BF0A24DC623F001CD608 /* Frameworks */ = {
			isa = PBXFrameworksBuildPhase;
			buildActionMask = 2147483647;
			files = (
			);
			runOnlyForDeploymentPostprocessing = 0;
		};
		8DE4BF2324DC6242001CD608 /* Frameworks */ = {
			isa = PBXFrameworksBuildPhase;
			buildActionMask = 2147483647;
			files = (
			);
			runOnlyForDeploymentPostprocessing = 0;
		};
/* End PBXFrameworksBuildPhase section */

/* Begin PBXGroup section */
		603792D2D1C76FAD34487F1E /* PresenterTests */ = {
			isa = PBXGroup;
			children = (
				60379513392532C031F5F879 /* FavouriteLocationTests */,
			);
			path = PresenterTests;
			sourceTree = "<group>";
		};
		603793FC4375853B297F9C6E /* CoreData */ = {
			isa = PBXGroup;
			children = (
				60379EFA945577703AB3B073 /* CoreDataTestStack.swift */,
				603793A52F9B36EABCBDE08B /* CityTests.swift */,
				603796595EF2FCFCBF130AF1 /* Extensions */,
			);
			path = CoreData;
			sourceTree = "<group>";
		};
		603794001E9C1BA2389789F9 /* FavouriteLocations */ = {
			isa = PBXGroup;
			children = (
				6037978D4B9E88AA4755767D /* FavouriteLocationViewController.swift */,
				603792EE5223DA16EEBE242C /* FavouriteLocationPresenter.swift */,
				6037949CC805625AA2ECED1A /* FavouriteLocationViewDelegate.swift */,
			);
			path = FavouriteLocations;
			sourceTree = "<group>";
		};
		60379513392532C031F5F879 /* FavouriteLocationTests */ = {
			isa = PBXGroup;
			children = (
				60379D3E87DD0DF84588B185 /* FavouriteLocationPresenterTests.swift */,
				6037921653697C11A7696F25 /* FavouriteLocationViewDelegateSpy.swift */,
			);
			path = FavouriteLocationTests;
			sourceTree = "<group>";
		};
		603796595EF2FCFCBF130AF1 /* Extensions */ = {
			isa = PBXGroup;
			children = (
				60379FEB88082BE45FA642C7 /* NSManagedObject.swift */,
			);
			path = Extensions;
			sourceTree = "<group>";
		};
		603798776DC2476388D2B93E /* Utilities */ = {
			isa = PBXGroup;
			children = (
				6037953F6A24A84DC9802642 /* FileHelper.swift */,
				60379DEDE50A0A039FF93121 /* Decoder */,
				603790270D457D9B546C73D5 /* Colors.swift */,
			);
			path = Utilities;
			sourceTree = "<group>";
		};
		603799D230D6074E2351770A /* WebServiceTests */ = {
			isa = PBXGroup;
			children = (
				6037981E27866A998D99EA03 /* WebServiceConfigurationTests.swift */,
				60379B29AB1560A1E38E7945 /* Mocks */,
				603793FC4375853B297F9C6E /* CoreData */,
				603792D2D1C76FAD34487F1E /* PresenterTests */,
			);
			path = WebServiceTests;
			sourceTree = "<group>";
		};
		60379A5C32E32201C5AE4297 /* WebServices */ = {
			isa = PBXGroup;
			children = (
				6037993CCA8F7BFBDA72AB2A /* NetworkManager.swift */,
				60379A436F01581B9FEDC684 /* WebServiceConfiguration.swift */,
				603799BD7C9B96CF8A884AE9 /* WebServiceErrors.swift */,
			);
			path = WebServices;
			sourceTree = "<group>";
		};
		60379B29AB1560A1E38E7945 /* Mocks */ = {
			isa = PBXGroup;
			children = (
				603793DBACF3B0736058F5D2 /* URLSessionMock.swift */,
			);
			path = Mocks;
			sourceTree = "<group>";
		};
		60379B3F0D009C392B5A1B1E /* Resources */ = {
			isa = PBXGroup;
			children = (
				8DCEF97324DF024400F2065D /* citylist.json */,
			);
			path = Resources;
			sourceTree = "<group>";
		};
		60379DEDE50A0A039FF93121 /* Decoder */ = {
			isa = PBXGroup;
			children = (
				6037995A8BFBE7404A51AD0F /* CityListDecoder.swift */,
			);
			path = Decoder;
			sourceTree = "<group>";
		};
		8DCEF98524DF0A4300F2065D /* CoreData */ = {
			isa = PBXGroup;
			children = (
				8DCEF98624DF0ADF00F2065D /* Models */,
				8DE4BF1924DC623F001CD608 /* WindConditionsApp.xcdatamodeld */,
				6037930C62684586C325F254 /* CoreDataStack.swift */,
			);
			path = CoreData;
			sourceTree = "<group>";
		};
		8DCEF98624DF0ADF00F2065D /* Models */ = {
			isa = PBXGroup;
			children = (
				8DCEF9A724DF0EFE00F2065D /* Coordinates+CoreDataClass.swift */,
				8DCEF9A824DF0EFE00F2065D /* Coordinates+CoreDataProperties.swift */,
				8DCEF9A924DF0EFE00F2065D /* City+CoreDataClass.swift */,
				8DCEF9AA24DF0EFE00F2065D /* City+CoreDataProperties.swift */,
				8DCEF9AB24DF0EFE00F2065D /* FavouriteCities+CoreDataClass.swift */,
				8DCEF9AC24DF0EFE00F2065D /* FavouriteCities+CoreDataProperties.swift */,
				8DCEF9AD24DF0EFE00F2065D /* AbstractCity+CoreDataClass.swift */,
				8DCEF9AE24DF0EFE00F2065D /* AbstractCity+CoreDataProperties.swift */,
			);
			path = Models;
			sourceTree = "<group>";
		};
		8DE4BF0424DC623F001CD608 = {
			isa = PBXGroup;
			children = (
				8DE4BF0F24DC623F001CD608 /* WindConditionsApp */,
				8DE4BF2924DC6242001CD608 /* WindConditionsAppTests */,
				8DE4BF0E24DC623F001CD608 /* Products */,
			);
			sourceTree = "<group>";
		};
		8DE4BF0E24DC623F001CD608 /* Products */ = {
			isa = PBXGroup;
			children = (
				8DE4BF0D24DC623F001CD608 /* WindConditionsApp.app */,
				8DE4BF2624DC6242001CD608 /* WindConditionsAppTests.xctest */,
			);
			name = Products;
			sourceTree = "<group>";
		};
		8DE4BF0F24DC623F001CD608 /* WindConditionsApp */ = {
			isa = PBXGroup;
			children = (
				8DCEF98524DF0A4300F2065D /* CoreData */,
				8DE4BF1024DC623F001CD608 /* AppDelegate.swift */,
				8DE4BF1224DC623F001CD608 /* SceneDelegate.swift */,
				8DE4BF1424DC623F001CD608 /* ViewController.swift */,
				8DE4BF1624DC623F001CD608 /* Main.storyboard */,
				8DE4BF1C24DC6242001CD608 /* Assets.xcassets */,
				8DE4BF1E24DC6242001CD608 /* LaunchScreen.storyboard */,
				8DE4BF2124DC6242001CD608 /* Info.plist */,
				60379A5C32E32201C5AE4297 /* WebServices */,
				6037913764042762804BD1D7 /* Constants.swift */,
				60379B3F0D009C392B5A1B1E /* Resources */,
				603798776DC2476388D2B93E /* Utilities */,
				603794001E9C1BA2389789F9 /* FavouriteLocations */,
			);
			path = WindConditionsApp;
			sourceTree = "<group>";
		};
		8DE4BF2924DC6242001CD608 /* WindConditionsAppTests */ = {
			isa = PBXGroup;
			children = (
				8DE4BF2A24DC6242001CD608 /* WindConditionsAppTests.swift */,
				8DE4BF2C24DC6242001CD608 /* Info.plist */,
				603799D230D6074E2351770A /* WebServiceTests */,
			);
			path = WindConditionsAppTests;
			sourceTree = "<group>";
		};
/* End PBXGroup section */

/* Begin PBXNativeTarget section */
		8DE4BF0C24DC623F001CD608 /* WindConditionsApp */ = {
			isa = PBXNativeTarget;
			buildConfigurationList = 8DE4BF2F24DC6242001CD608 /* Build configuration list for PBXNativeTarget "WindConditionsApp" */;
			buildPhases = (
				8DE4BF0924DC623F001CD608 /* Sources */,
				8DE4BF0A24DC623F001CD608 /* Frameworks */,
				8DE4BF0B24DC623F001CD608 /* Resources */,
			);
			buildRules = (
			);
			dependencies = (
			);
			name = WindConditionsApp;
			productName = WindConditionsApp;
			productReference = 8DE4BF0D24DC623F001CD608 /* WindConditionsApp.app */;
			productType = "com.apple.product-type.application";
		};
		8DE4BF2524DC6242001CD608 /* WindConditionsAppTests */ = {
			isa = PBXNativeTarget;
			buildConfigurationList = 8DE4BF3224DC6242001CD608 /* Build configuration list for PBXNativeTarget "WindConditionsAppTests" */;
			buildPhases = (
				8DE4BF2224DC6242001CD608 /* Sources */,
				8DE4BF2324DC6242001CD608 /* Frameworks */,
				8DE4BF2424DC6242001CD608 /* Resources */,
			);
			buildRules = (
			);
			dependencies = (
				8DE4BF2824DC6242001CD608 /* PBXTargetDependency */,
			);
			name = WindConditionsAppTests;
			productName = WindConditionsAppTests;
			productReference = 8DE4BF2624DC6242001CD608 /* WindConditionsAppTests.xctest */;
			productType = "com.apple.product-type.bundle.unit-test";
		};
/* End PBXNativeTarget section */

/* Begin PBXProject section */
		8DE4BF0524DC623F001CD608 /* Project object */ = {
			isa = PBXProject;
			attributes = {
				LastSwiftUpdateCheck = 1140;
				LastUpgradeCheck = 1140;
				ORGANIZATIONNAME = "Jamil Nawaz";
				TargetAttributes = {
					8DE4BF0C24DC623F001CD608 = {
						CreatedOnToolsVersion = 11.4;
					};
					8DE4BF2524DC6242001CD608 = {
						CreatedOnToolsVersion = 11.4;
						TestTargetID = 8DE4BF0C24DC623F001CD608;
					};
				};
			};
			buildConfigurationList = 8DE4BF0824DC623F001CD608 /* Build configuration list for PBXProject "WindConditionsApp" */;
			compatibilityVersion = "Xcode 9.3";
			developmentRegion = en;
			hasScannedForEncodings = 0;
			knownRegions = (
				en,
				Base,
			);
			mainGroup = 8DE4BF0424DC623F001CD608;
			productRefGroup = 8DE4BF0E24DC623F001CD608 /* Products */;
			projectDirPath = "";
			projectRoot = "";
			targets = (
				8DE4BF0C24DC623F001CD608 /* WindConditionsApp */,
				8DE4BF2524DC6242001CD608 /* WindConditionsAppTests */,
			);
		};
/* End PBXProject section */

/* Begin PBXResourcesBuildPhase section */
		8DE4BF0B24DC623F001CD608 /* Resources */ = {
			isa = PBXResourcesBuildPhase;
			buildActionMask = 2147483647;
			files = (
				8DE4BF2024DC6242001CD608 /* LaunchScreen.storyboard in Resources */,
				8DE4BF1D24DC6242001CD608 /* Assets.xcassets in Resources */,
				8DCEF97424DF024400F2065D /* citylist.json in Resources */,
				8DE4BF1824DC623F001CD608 /* Main.storyboard in Resources */,
			);
			runOnlyForDeploymentPostprocessing = 0;
		};
		8DE4BF2424DC6242001CD608 /* Resources */ = {
			isa = PBXResourcesBuildPhase;
			buildActionMask = 2147483647;
			files = (
			);
			runOnlyForDeploymentPostprocessing = 0;
		};
/* End PBXResourcesBuildPhase section */

/* Begin PBXSourcesBuildPhase section */
		8DE4BF0924DC623F001CD608 /* Sources */ = {
			isa = PBXSourcesBuildPhase;
			buildActionMask = 2147483647;
			files = (
				8DE4BF1524DC623F001CD608 /* ViewController.swift in Sources */,
				8DCEF9AF24DF0EFE00F2065D /* Coordinates+CoreDataClass.swift in Sources */,
				8DE4BF1124DC623F001CD608 /* AppDelegate.swift in Sources */,
				8DCEF9B524DF0EFE00F2065D /* AbstractCity+CoreDataClass.swift in Sources */,
				8DCEF9B324DF0EFE00F2065D /* FavouriteCities+CoreDataClass.swift in Sources */,
				8DE4BF1324DC623F001CD608 /* SceneDelegate.swift in Sources */,
				8DCEF9B224DF0EFE00F2065D /* City+CoreDataProperties.swift in Sources */,
				8DCEF9B424DF0EFE00F2065D /* FavouriteCities+CoreDataProperties.swift in Sources */,
				8DCEF9B624DF0EFE00F2065D /* AbstractCity+CoreDataProperties.swift in Sources */,
				8DE4BF1B24DC623F001CD608 /* WindConditionsApp.xcdatamodeld in Sources */,
				60379BEAB9F4A06EE72B1DB0 /* NetworkManager.swift in Sources */,
				6037922C4BD4A998CF079ED9 /* WebServiceConfiguration.swift in Sources */,
				60379487030B0414F686E603 /* WebServiceErrors.swift in Sources */,
				60379687D6613684862FEBBC /* Constants.swift in Sources */,
				8DCEF9B024DF0EFE00F2065D /* Coordinates+CoreDataProperties.swift in Sources */,
				8DCEF9B124DF0EFE00F2065D /* City+CoreDataClass.swift in Sources */,
				603795F3C8ABAA25706D9DE0 /* FileHelper.swift in Sources */,
				603799F54C5849D010804C1D /* CityListDecoder.swift in Sources */,
				6037941A73BC7A2BB5EA0E1D /* FavouriteLocationViewController.swift in Sources */,
				603797931F6659CF8700C1E5 /* FavouriteLocationPresenter.swift in Sources */,
				60379263DA9AA17A692FEE26 /* FavouriteLocationViewDelegate.swift in Sources */,
				603796C33B742E5A4182E7D1 /* FavouriteLocationViewDelegateSpy.swift in Sources */,
				603797AFC6681A1C323E6048 /* CoreDataStack.swift in Sources */,
				603798911F319E428B98D95C /* Colors.swift in Sources */,
			);
			runOnlyForDeploymentPostprocessing = 0;
		};
		8DE4BF2224DC6242001CD608 /* Sources */ = {
			isa = PBXSourcesBuildPhase;
			buildActionMask = 2147483647;
			files = (
				8DE4BF2B24DC6242001CD608 /* WindConditionsAppTests.swift in Sources */,
				60379C976007C94B1FECAA29 /* WebServiceConfigurationTests.swift in Sources */,
				6037948CECB5B36D6F9EB595 /* URLSessionMock.swift in Sources */,
				60379338B8B6EDB6CFC14046 /* CoreDataTestStack.swift in Sources */,
				603793CE4B9851E7BD6EBCBF /* CityTests.swift in Sources */,
				60379753432DABB01B486CE2 /* NSManagedObject.swift in Sources */,
				60379D7A7A1E9003EA7FDF9B /* FavouriteLocationPresenterTests.swift in Sources */,
			);
			runOnlyForDeploymentPostprocessing = 0;
		};
/* End PBXSourcesBuildPhase section */

/* Begin PBXTargetDependency section */
		8DE4BF2824DC6242001CD608 /* PBXTargetDependency */ = {
			isa = PBXTargetDependency;
			target = 8DE4BF0C24DC623F001CD608 /* WindConditionsApp */;
			targetProxy = 8DE4BF2724DC6242001CD608 /* PBXContainerItemProxy */;
		};
/* End PBXTargetDependency section */

/* Begin PBXVariantGroup section */
		8DE4BF1624DC623F001CD608 /* Main.storyboard */ = {
			isa = PBXVariantGroup;
			children = (
				8DE4BF1724DC623F001CD608 /* Base */,
			);
			name = Main.storyboard;
			sourceTree = "<group>";
		};
		8DE4BF1E24DC6242001CD608 /* LaunchScreen.storyboard */ = {
			isa = PBXVariantGroup;
			children = (
				8DE4BF1F24DC6242001CD608 /* Base */,
			);
			name = LaunchScreen.storyboard;
			sourceTree = "<group>";
		};
/* End PBXVariantGroup section */

/* Begin XCBuildConfiguration section */
		8DE4BF2D24DC6242001CD608 /* Debug */ = {
			isa = XCBuildConfiguration;
			buildSettings = {
				ALWAYS_SEARCH_USER_PATHS = NO;
				CLANG_ANALYZER_NONNULL = YES;
				CLANG_ANALYZER_NUMBER_OBJECT_CONVERSION = YES_AGGRESSIVE;
				CLANG_CXX_LANGUAGE_STANDARD = "gnu++14";
				CLANG_CXX_LIBRARY = "libc++";
				CLANG_ENABLE_MODULES = YES;
				CLANG_ENABLE_OBJC_ARC = YES;
				CLANG_ENABLE_OBJC_WEAK = YES;
				CLANG_WARN_BLOCK_CAPTURE_AUTORELEASING = YES;
				CLANG_WARN_BOOL_CONVERSION = YES;
				CLANG_WARN_COMMA = YES;
				CLANG_WARN_CONSTANT_CONVERSION = YES;
				CLANG_WARN_DEPRECATED_OBJC_IMPLEMENTATIONS = YES;
				CLANG_WARN_DIRECT_OBJC_ISA_USAGE = YES_ERROR;
				CLANG_WARN_DOCUMENTATION_COMMENTS = YES;
				CLANG_WARN_EMPTY_BODY = YES;
				CLANG_WARN_ENUM_CONVERSION = YES;
				CLANG_WARN_INFINITE_RECURSION = YES;
				CLANG_WARN_INT_CONVERSION = YES;
				CLANG_WARN_NON_LITERAL_NULL_CONVERSION = YES;
				CLANG_WARN_OBJC_IMPLICIT_RETAIN_SELF = YES;
				CLANG_WARN_OBJC_LITERAL_CONVERSION = YES;
				CLANG_WARN_OBJC_ROOT_CLASS = YES_ERROR;
				CLANG_WARN_RANGE_LOOP_ANALYSIS = YES;
				CLANG_WARN_STRICT_PROTOTYPES = YES;
				CLANG_WARN_SUSPICIOUS_MOVE = YES;
				CLANG_WARN_UNGUARDED_AVAILABILITY = YES_AGGRESSIVE;
				CLANG_WARN_UNREACHABLE_CODE = YES;
				CLANG_WARN__DUPLICATE_METHOD_MATCH = YES;
				COPY_PHASE_STRIP = NO;
				DEBUG_INFORMATION_FORMAT = dwarf;
				ENABLE_STRICT_OBJC_MSGSEND = YES;
				ENABLE_TESTABILITY = YES;
				GCC_C_LANGUAGE_STANDARD = gnu11;
				GCC_DYNAMIC_NO_PIC = NO;
				GCC_NO_COMMON_BLOCKS = YES;
				GCC_OPTIMIZATION_LEVEL = 0;
				GCC_PREPROCESSOR_DEFINITIONS = (
					"DEBUG=1",
					"$(inherited)",
				);
				GCC_WARN_64_TO_32_BIT_CONVERSION = YES;
				GCC_WARN_ABOUT_RETURN_TYPE = YES_ERROR;
				GCC_WARN_UNDECLARED_SELECTOR = YES;
				GCC_WARN_UNINITIALIZED_AUTOS = YES_AGGRESSIVE;
				GCC_WARN_UNUSED_FUNCTION = YES;
				GCC_WARN_UNUSED_VARIABLE = YES;
				IPHONEOS_DEPLOYMENT_TARGET = 12.0;
				MTL_ENABLE_DEBUG_INFO = INCLUDE_SOURCE;
				MTL_FAST_MATH = YES;
				ONLY_ACTIVE_ARCH = YES;
				SDKROOT = iphoneos;
				SWIFT_ACTIVE_COMPILATION_CONDITIONS = DEBUG;
				SWIFT_OPTIMIZATION_LEVEL = "-Onone";
			};
			name = Debug;
		};
		8DE4BF2E24DC6242001CD608 /* Release */ = {
			isa = XCBuildConfiguration;
			buildSettings = {
				ALWAYS_SEARCH_USER_PATHS = NO;
				CLANG_ANALYZER_NONNULL = YES;
				CLANG_ANALYZER_NUMBER_OBJECT_CONVERSION = YES_AGGRESSIVE;
				CLANG_CXX_LANGUAGE_STANDARD = "gnu++14";
				CLANG_CXX_LIBRARY = "libc++";
				CLANG_ENABLE_MODULES = YES;
				CLANG_ENABLE_OBJC_ARC = YES;
				CLANG_ENABLE_OBJC_WEAK = YES;
				CLANG_WARN_BLOCK_CAPTURE_AUTORELEASING = YES;
				CLANG_WARN_BOOL_CONVERSION = YES;
				CLANG_WARN_COMMA = YES;
				CLANG_WARN_CONSTANT_CONVERSION = YES;
				CLANG_WARN_DEPRECATED_OBJC_IMPLEMENTATIONS = YES;
				CLANG_WARN_DIRECT_OBJC_ISA_USAGE = YES_ERROR;
				CLANG_WARN_DOCUMENTATION_COMMENTS = YES;
				CLANG_WARN_EMPTY_BODY = YES;
				CLANG_WARN_ENUM_CONVERSION = YES;
				CLANG_WARN_INFINITE_RECURSION = YES;
				CLANG_WARN_INT_CONVERSION = YES;
				CLANG_WARN_NON_LITERAL_NULL_CONVERSION = YES;
				CLANG_WARN_OBJC_IMPLICIT_RETAIN_SELF = YES;
				CLANG_WARN_OBJC_LITERAL_CONVERSION = YES;
				CLANG_WARN_OBJC_ROOT_CLASS = YES_ERROR;
				CLANG_WARN_RANGE_LOOP_ANALYSIS = YES;
				CLANG_WARN_STRICT_PROTOTYPES = YES;
				CLANG_WARN_SUSPICIOUS_MOVE = YES;
				CLANG_WARN_UNGUARDED_AVAILABILITY = YES_AGGRESSIVE;
				CLANG_WARN_UNREACHABLE_CODE = YES;
				CLANG_WARN__DUPLICATE_METHOD_MATCH = YES;
				COPY_PHASE_STRIP = NO;
				DEBUG_INFORMATION_FORMAT = "dwarf-with-dsym";
				ENABLE_NS_ASSERTIONS = NO;
				ENABLE_STRICT_OBJC_MSGSEND = YES;
				GCC_C_LANGUAGE_STANDARD = gnu11;
				GCC_NO_COMMON_BLOCKS = YES;
				GCC_WARN_64_TO_32_BIT_CONVERSION = YES;
				GCC_WARN_ABOUT_RETURN_TYPE = YES_ERROR;
				GCC_WARN_UNDECLARED_SELECTOR = YES;
				GCC_WARN_UNINITIALIZED_AUTOS = YES_AGGRESSIVE;
				GCC_WARN_UNUSED_FUNCTION = YES;
				GCC_WARN_UNUSED_VARIABLE = YES;
				IPHONEOS_DEPLOYMENT_TARGET = 12.0;
				MTL_ENABLE_DEBUG_INFO = NO;
				MTL_FAST_MATH = YES;
				SDKROOT = iphoneos;
				SWIFT_COMPILATION_MODE = wholemodule;
				SWIFT_OPTIMIZATION_LEVEL = "-O";
				VALIDATE_PRODUCT = YES;
			};
			name = Release;
		};
		8DE4BF3024DC6242001CD608 /* Debug */ = {
			isa = XCBuildConfiguration;
			buildSettings = {
				ASSETCATALOG_COMPILER_APPICON_NAME = AppIcon;
				CODE_SIGN_STYLE = Automatic;
				DEVELOPMENT_TEAM = 3WWLRZRB77;
				INFOPLIST_FILE = WindConditionsApp/Info.plist;
				LD_RUNPATH_SEARCH_PATHS = (
					"$(inherited)",
					"@executable_path/Frameworks",
				);
				PRODUCT_BUNDLE_IDENTIFIER = com.WindConditionsApp;
				PRODUCT_NAME = "$(TARGET_NAME)";
				SWIFT_VERSION = 5.0;
				TARGETED_DEVICE_FAMILY = "1,2";
			};
			name = Debug;
		};
		8DE4BF3124DC6242001CD608 /* Release */ = {
			isa = XCBuildConfiguration;
			buildSettings = {
				ASSETCATALOG_COMPILER_APPICON_NAME = AppIcon;
				CODE_SIGN_STYLE = Automatic;
				DEVELOPMENT_TEAM = 3WWLRZRB77;
				INFOPLIST_FILE = WindConditionsApp/Info.plist;
				LD_RUNPATH_SEARCH_PATHS = (
					"$(inherited)",
					"@executable_path/Frameworks",
				);
				PRODUCT_BUNDLE_IDENTIFIER = com.WindConditionsApp;
				PRODUCT_NAME = "$(TARGET_NAME)";
				SWIFT_VERSION = 5.0;
				TARGETED_DEVICE_FAMILY = "1,2";
			};
			name = Release;
		};
		8DE4BF3324DC6242001CD608 /* Debug */ = {
			isa = XCBuildConfiguration;
			buildSettings = {
				ALWAYS_EMBED_SWIFT_STANDARD_LIBRARIES = YES;
				BUNDLE_LOADER = "$(TEST_HOST)";
				CODE_SIGN_STYLE = Automatic;
				DEVELOPMENT_TEAM = 3WWLRZRB77;
				INFOPLIST_FILE = WindConditionsAppTests/Info.plist;
				IPHONEOS_DEPLOYMENT_TARGET = 13.4;
				LD_RUNPATH_SEARCH_PATHS = (
					"$(inherited)",
					"@executable_path/Frameworks",
					"@loader_path/Frameworks",
				);
				PRODUCT_BUNDLE_IDENTIFIER = com.starsgroup.WindConditionsAppTests;
				PRODUCT_NAME = "$(TARGET_NAME)";
				SWIFT_VERSION = 5.0;
				TARGETED_DEVICE_FAMILY = "1,2";
				TEST_HOST = "$(BUILT_PRODUCTS_DIR)/WindConditionsApp.app/WindConditionsApp";
			};
			name = Debug;
		};
		8DE4BF3424DC6242001CD608 /* Release */ = {
			isa = XCBuildConfiguration;
			buildSettings = {
				ALWAYS_EMBED_SWIFT_STANDARD_LIBRARIES = YES;
				BUNDLE_LOADER = "$(TEST_HOST)";
				CODE_SIGN_STYLE = Automatic;
				DEVELOPMENT_TEAM = 3WWLRZRB77;
				INFOPLIST_FILE = WindConditionsAppTests/Info.plist;
				IPHONEOS_DEPLOYMENT_TARGET = 13.4;
				LD_RUNPATH_SEARCH_PATHS = (
					"$(inherited)",
					"@executable_path/Frameworks",
					"@loader_path/Frameworks",
				);
				PRODUCT_BUNDLE_IDENTIFIER = com.starsgroup.WindConditionsAppTests;
				PRODUCT_NAME = "$(TARGET_NAME)";
				SWIFT_VERSION = 5.0;
				TARGETED_DEVICE_FAMILY = "1,2";
				TEST_HOST = "$(BUILT_PRODUCTS_DIR)/WindConditionsApp.app/WindConditionsApp";
			};
			name = Release;
		};
/* End XCBuildConfiguration section */

/* Begin XCConfigurationList section */
		8DE4BF0824DC623F001CD608 /* Build configuration list for PBXProject "WindConditionsApp" */ = {
			isa = XCConfigurationList;
			buildConfigurations = (
				8DE4BF2D24DC6242001CD608 /* Debug */,
				8DE4BF2E24DC6242001CD608 /* Release */,
			);
			defaultConfigurationIsVisible = 0;
			defaultConfigurationName = Release;
		};
		8DE4BF2F24DC6242001CD608 /* Build configuration list for PBXNativeTarget "WindConditionsApp" */ = {
			isa = XCConfigurationList;
			buildConfigurations = (
				8DE4BF3024DC6242001CD608 /* Debug */,
				8DE4BF3124DC6242001CD608 /* Release */,
			);
			defaultConfigurationIsVisible = 0;
			defaultConfigurationName = Release;
		};
		8DE4BF3224DC6242001CD608 /* Build configuration list for PBXNativeTarget "WindConditionsAppTests" */ = {
			isa = XCConfigurationList;
			buildConfigurations = (
				8DE4BF3324DC6242001CD608 /* Debug */,
				8DE4BF3424DC6242001CD608 /* Release */,
			);
			defaultConfigurationIsVisible = 0;
			defaultConfigurationName = Release;
		};
/* End XCConfigurationList section */

/* Begin XCVersionGroup section */
		8DE4BF1924DC623F001CD608 /* WindConditionsApp.xcdatamodeld */ = {
			isa = XCVersionGroup;
			children = (
				8DE4BF1A24DC623F001CD608 /* WindConditionsApp.xcdatamodel */,
			);
			currentVersion = 8DE4BF1A24DC623F001CD608 /* WindConditionsApp.xcdatamodel */;
			path = WindConditionsApp.xcdatamodeld;
			sourceTree = "<group>";
			versionGroupType = wrapper.xcdatamodel;
		};
/* End XCVersionGroup section */
	};
	rootObject = 8DE4BF0524DC623F001CD608 /* Project object */;
}
